
Microsoft Visual Studio Solution File, Format Version 12.00
# Visual Studio Version 17
VisualStudioVersion = 17.8.34330.188
MinimumVisualStudioVersion = 10.0.40219.1
Project("{FAE04EC0-301F-11D3-BF4B-00C04F79EFBC}") = "CursoBackend", "CursoBackend\CursoBackend.csproj", "{1C8FBAF5-8053-46D5-9FE3-B41F00FCAE0F}"
EndProject
Global
	GlobalSection(SolutionConfigurationPlatforms) = preSolution
		Debug|Any CPU = Debug|Any CPU
		Release|Any CPU = Release|Any CPU
	EndGlobalSection
	GlobalSection(ProjectConfigurationPlatforms) = postSolution
		{1C8FBAF5-8053-46D5-9FE3-B41F00FCAE0F}.Debug|Any CPU.ActiveCfg = Debug|Any CPU
		{1C8FBAF5-8053-46D5-9FE3-B41F00FCAE0F}.Debug|Any CPU.Build.0 = Debug|Any CPU
		{1C8FBAF5-8053-46D5-9FE3-B41F00FCAE0F}.Release|Any CPU.ActiveCfg = Release|Any CPU
		{1C8FBAF5-8053-46D5-9FE3-B41F00FCAE0F}.Release|Any CPU.Build.0 = Release|Any CPU
	EndGlobalSection
	GlobalSection(SolutionProperties) = preSolution
		HideSolutionNode = FALSE
	EndGlobalSection
	GlobalSection(ExtensibilityGlobals) = postSolution
		SolutionGuid = {6B1FF89A-0A4C-4217-9F41-A009CCF3F9E6}
	EndGlobalSection
EndGlobal
